github.com/coder/acp-go-sdk v0.6.4-0.20260227160919-584abe6abe22 h1:hwveFaJNFv5CUb+M/VviN8EKhkj2xHymIARveBr7I1U=
github.com/coder/acp-go-sdk v0.6.4-0.20260227160919-584abe6abe22/go.mod h1:yKzM/3R9uELp4+nBAwwtkS0aN1FOFjo11CNPy37yFko=
github.com/google/uuid v1.6.0 h1:NIvaJDMOsjHA8n1jAhLSgzrAzy1Hgr+hNrb57e+94F0=
github.com/google/uuid v1.6.0/go.mod h1:TIyPZe4MgqvfeYDBFedMoGGpEw/LqOeaOT+nhxU+yHo=
